// !$*UTF8*$!
{
	archiveVersion = 1;
	classes = {
	};
	objectVersion = 46;
	objects = {

/* Begin PBXBuildFile section */
		FE1A739C1922BBD1000A66A1 /* UIAlertViewTests.m in Sources */ = {isa = PBXBuildFile; fileRef = FE1A739B1922BBD1000A66A1 /* UIAlertViewTests.m */; };
		FEEE183C1922AE750068C34B /* Foundation.framework in Frameworks */ = {isa = PBXBuildFile; fileRef = FEEE183B1922AE750068C34B /* Foundation.framework */; };
		FEEE18411922AE750068C34B /* CodigoDelSurSDK.h in CopyFiles */ = {isa = PBXBuildFile; fileRef = FEEE18401922AE750068C34B /* CodigoDelSurSDK.h */; };
		FEEE184A1922AE750068C34B /* XCTest.framework in Frameworks */ = {isa = PBXBuildFile; fileRef = FEEE18491922AE750068C34B /* XCTest.framework */; };
		FEEE184B1922AE750068C34B /* Foundation.framework in Frameworks */ = {isa = PBXBuildFile; fileRef = FEEE183B1922AE750068C34B /* Foundation.framework */; };
		FEEE184D1922AE750068C34B /* UIKit.framework in Frameworks */ = {isa = PBXBuildFile; fileRef = FEEE184C1922AE750068C34B /* UIKit.framework */; };
		FEEE18501922AE750068C34B /* libCodigoDelSurSDK.a in Frameworks */ = {isa = PBXBuildFile; fileRef = FEEE18381922AE750068C34B /* libCodigoDelSurSDK.a */; };
		FEEE18561922AE750068C34B /* InfoPlist.strings in Resources */ = {isa = PBXBuildFile; fileRef = FEEE18541922AE750068C34B /* InfoPlist.strings */; };
		FEEE18581922AE750068C34B /* CodigoDelSurSDKTests.m in Sources */ = {isa = PBXBuildFile; fileRef = FEEE18571922AE750068C34B /* CodigoDelSurSDKTests.m */; };
		FEEE18631922B2650068C34B /* UIAlertView+CodigoDelSurAdditions.m in Sources */ = {isa = PBXBuildFile; fileRef = FEEE18621922B2650068C34B /* UIAlertView+CodigoDelSurAdditions.m */; };
		FEEE18641922B2650068C34B /* UIAlertView+CodigoDelSurAdditions.m in Sources */ = {isa = PBXBuildFile; fileRef = FEEE18621922B2650068C34B /* UIAlertView+CodigoDelSurAdditions.m */; };
/* End PBXBuildFile section */

/* Begin PBXContainerItemProxy section */
		FEEE184E1922AE750068C34B /* PBXContainerItemProxy */ = {
			isa = PBXContainerItemProxy;
			containerPortal = FEEE18301922AE750068C34B /* Project object */;
			proxyType = 1;
			remoteGlobalIDString = FEEE18371922AE750068C34B;
			remoteInfo = CodigoDelSurSDK;
		};
/* End PBXContainerItemProxy section */

/* Begin PBXCopyFilesBuildPhase section */
		FEEE18361922AE750068C34B /* CopyFiles */ = {
			isa = PBXCopyFilesBuildPhase;
			buildActionMask = 2147483647;
			dstPath = "include/$(PRODUCT_NAME)";
			dstSubfolderSpec = 16;
			files = (
				FEEE18411922AE750068C34B /* CodigoDelSurSDK.h in CopyFiles */,
			);
			runOnlyForDeploymentPostprocessing = 0;
		};
/* End PBXCopyFilesBuildPhase section */

/* Begin PBXFileReference section */
		FE1A739B1922BBD1000A66A1 /* UIAlertViewTests.m */ = {isa = PBXFileReference; fileEncoding = 4; lastKnownFileType = sourcecode.c.objc; path = UIAlertViewTests.m; sourceTree = "<group>"; };
		FEEE18381922AE750068C34B /* libCodigoDelSurSDK.a */ = {isa = PBXFileReference; explicitFileType = archive.ar; includeInIndex = 0; path = libCodigoDelSurSDK.a; sourceTree = BUILT_PRODUCTS_DIR; };
		FEEE183B1922AE750068C34B /* Foundation.framework */ = {isa = PBXFileReference; lastKnownFileType = wrapper.framework; name = Foundation.framework; path = System/Library/Frameworks/Foundation.framework; sourceTree = SDKROOT; };
		FEEE183F1922AE750068C34B /* CodigoDelSurSDK-Prefix.pch */ = {isa = PBXFileReference; lastKnownFileType = sourcecode.c.h; path = "CodigoDelSurSDK-Prefix.pch"; sourceTree = "<group>"; };
		FEEE18401922AE750068C34B /* CodigoDelSurSDK.h */ = {isa = PBXFileReference; lastKnownFileType = sourcecode.c.h; path = CodigoDelSurSDK.h; sourceTree = "<group>"; };
		FEEE18481922AE750068C34B /* CodigoDelSurSDKTests.xctest */ = {isa = PBXFileReference; explicitFileType = wrapper.cfbundle; includeInIndex = 0; path = CodigoDelSurSDKTests.xctest; sourceTree = BUILT_PRODUCTS_DIR; };
		FEEE18491922AE750068C34B /* XCTest.framework */ = {isa = PBXFileReference; lastKnownFileType = wrapper.framework; name = XCTest.framework; path = Library/Frameworks/XCTest.framework; sourceTree = DEVELOPER_DIR; };
		FEEE184C1922AE750068C34B /* UIKit.framework */ = {isa = PBXFileReference; lastKnownFileType = wrapper.framework; name = UIKit.framework; path = Library/Frameworks/UIKit.framework; sourceTree = DEVELOPER_DIR; };
		FEEE18531922AE750068C34B /* CodigoDelSurSDKTests-Info.plist */ = {isa = PBXFileReference; lastKnownFileType = text.plist.xml; path = "CodigoDelSurSDKTests-Info.plist"; sourceTree = "<group>"; };
		FEEE18551922AE750068C34B /* en */ = {isa = PBXFileReference; lastKnownFileType = text.plist.strings; name = en; path = en.lproj/InfoPlist.strings; sourceTree = "<group>"; };
		FEEE18571922AE750068C34B /* CodigoDelSurSDKTests.m */ = {isa = PBXFileReference; lastKnownFileType = sourcecode.c.objc; path = CodigoDelSurSDKTests.m; sourceTree = "<group>"; };
		FEEE18611922B2650068C34B /* UIAlertView+CodigoDelSurAdditions.h */ = {isa = PBXFileReference; fileEncoding = 4; lastKnownFileType = sourcecode.c.h; path = "UIAlertView+CodigoDelSurAdditions.h"; sourceTree = "<group>"; };
		FEEE18621922B2650068C34B /* UIAlertView+CodigoDelSurAdditions.m */ = {isa = PBXFileReference; fileEncoding = 4; lastKnownFileType = sourcecode.c.objc; path = "UIAlertView+CodigoDelSurAdditions.m"; sourceTree = "<group>"; };
/* End PBXFileReference section */

/* Begin PBXFrameworksBuildPhase section */
		FEEE18351922AE750068C34B /* Frameworks */ = {
			isa = PBXFrameworksBuildPhase;
			buildActionMask = 2147483647;
			files = (
				FEEE183C1922AE750068C34B /* Foundation.framework in Frameworks */,
			);
			runOnlyForDeploymentPostprocessing = 0;
		};
		FEEE18451922AE750068C34B /* Frameworks */ = {
			isa = PBXFrameworksBuildPhase;
			buildActionMask = 2147483647;
			files = (
				FEEE18501922AE750068C34B /* libCodigoDelSurSDK.a in Frameworks */,
				FEEE184A1922AE750068C34B /* XCTest.framework in Frameworks */,
				FEEE184D1922AE750068C34B /* UIKit.framework in Frameworks */,
				FEEE184B1922AE750068C34B /* Foundation.framework in Frameworks */,
			);
			runOnlyForDeploymentPostprocessing = 0;
		};
/* End PBXFrameworksBuildPhase section */

/* Begin PBXGroup section */
		FEEE182F1922AE750068C34B = {
			isa = PBXGroup;
			children = (
				FEEE183D1922AE750068C34B /* CodigoDelSurSDK */,
				FEEE18511922AE750068C34B /* CodigoDelSurSDKTests */,
				FEEE183A1922AE750068C34B /* Frameworks */,
				FEEE18391922AE750068C34B /* Products */,
			);
			sourceTree = "<group>";
		};
		FEEE18391922AE750068C34B /* Products */ = {
			isa = PBXGroup;
			children = (
				FEEE18381922AE750068C34B /* libCodigoDelSurSDK.a */,
				FEEE18481922AE750068C34B /* CodigoDelSurSDKTests.xctest */,
			);
			name = Products;
			sourceTree = "<group>";
		};
		FEEE183A1922AE750068C34B /* Frameworks */ = {
			isa = PBXGroup;
			children = (
				FEEE183B1922AE750068C34B /* Foundation.framework */,
				FEEE18491922AE750068C34B /* XCTest.framework */,
				FEEE184C1922AE750068C34B /* UIKit.framework */,
			);
			name = Frameworks;
			sourceTree = "<group>";
		};
		FEEE183D1922AE750068C34B /* CodigoDelSurSDK */ = {
			isa = PBXGroup;
			children = (
				FEEE18401922AE750068C34B /* CodigoDelSurSDK.h */,
				FEEE18611922B2650068C34B /* UIAlertView+CodigoDelSurAdditions.h */,
				FEEE18621922B2650068C34B /* UIAlertView+CodigoDelSurAdditions.m */,
				FEEE183E1922AE750068C34B /* Supporting Files */,
			);
			path = CodigoDelSurSDK;
			sourceTree = "<group>";
		};
		FEEE183E1922AE750068C34B /* Supporting Files */ = {
			isa = PBXGroup;
			children = (
				FEEE183F1922AE750068C34B /* CodigoDelSurSDK-Prefix.pch */,
			);
			name = "Supporting Files";
			sourceTree = "<group>";
		};
		FEEE18511922AE750068C34B /* CodigoDelSurSDKTests */ = {
			isa = PBXGroup;
			children = (
				FEEE18571922AE750068C34B /* CodigoDelSurSDKTests.m */,
				FEEE18521922AE750068C34B /* Supporting Files */,
				FE1A739B1922BBD1000A66A1 /* UIAlertViewTests.m */,
			);
			path = CodigoDelSurSDKTests;
			sourceTree = "<group>";
		};
		FEEE18521922AE750068C34B /* Supporting Files */ = {
			isa = PBXGroup;
			children = (
				FEEE18531922AE750068C34B /* CodigoDelSurSDKTests-Info.plist */,
				FEEE18541922AE750068C34B /* InfoPlist.strings */,
			);
			name = "Supporting Files";
			sourceTree = "<group>";
		};
/* End PBXGroup section */

/* Begin PBXNativeTarget section */
		FEEE18371922AE750068C34B /* CodigoDelSurSDK */ = {
			isa = PBXNativeTarget;
			buildConfigurationList = FEEE185B1922AE750068C34B /* Build configuration list for PBXNativeTarget "CodigoDelSurSDK" */;
			buildPhases = (
				FEEE18341922AE750068C34B /* Sources */,
				FEEE18351922AE750068C34B /* Frameworks */,
				FEEE18361922AE750068C34B /* CopyFiles */,
			);
			buildRules = (
			);
			dependencies = (
			);
			name = CodigoDelSurSDK;
			productName = CodigoDelSurSDK;
			productReference = FEEE18381922AE750068C34B /* libCodigoDelSurSDK.a */;
			productType = "com.apple.product-type.library.static";
		};
		FEEE18471922AE750068C34B /* CodigoDelSurSDKTests */ = {
			isa = PBXNativeTarget;
			buildConfigurationList = FEEE185E1922AE750068C34B /* Build configuration list for PBXNativeTarget "CodigoDelSurSDKTests" */;
			buildPhases = (
				FEEE18441922AE750068C34B /* Sources */,
				FEEE18451922AE750068C34B /* Frameworks */,
				FEEE18461922AE750068C34B /* Resources */,
			);
			buildRules = (
			);
			dependencies = (
				FEEE184F1922AE750068C34B /* PBXTargetDependency */,
			);
			name = CodigoDelSurSDKTests;
			productName = CodigoDelSurSDKTests;
			productReference = FEEE18481922AE750068C34B /* CodigoDelSurSDKTests.xctest */;
			productType = "com.apple.product-type.bundle.unit-test";
		};
/* End PBXNativeTarget section */

/* Begin PBXProject section */
		FEEE18301922AE750068C34B /* Project object */ = {
			isa = PBXProject;
			attributes = {
				LastUpgradeCheck = 0510;
				ORGANIZATIONNAME = CodigoDelSur;
			};
			buildConfigurationList = FEEE18331922AE750068C34B /* Build configuration list for PBXProject "CodigoDelSurSDK" */;
			compatibilityVersion = "Xcode 3.2";
			developmentRegion = English;
			hasScannedForEncodings = 0;
			knownRegions = (
				en,
			);
			mainGroup = FEEE182F1922AE750068C34B;
			productRefGroup = FEEE18391922AE750068C34B /* Products */;
			projectDirPath = "";
			projectRoot = "";
			targets = (
				FEEE18371922AE750068C34B /* CodigoDelSurSDK */,
				FEEE18471922AE750068C34B /* CodigoDelSurSDKTests */,
			);
		};
/* End PBXProject section */

/* Begin PBXResourcesBuildPhase section */
		FEEE18461922AE750068C34B /* Resources */ = {
			isa = PBXResourcesBuildPhase;
			buildActionMask = 2147483647;
			files = (
				FEEE18561922AE750068C34B /* InfoPlist.strings in Resources */,
			);
			runOnlyForDeploymentPostprocessing = 0;
		};
/* End PBXResourcesBuildPhase section */

/* Begin PBXSourcesBuildPhase section */
		FEEE18341922AE750068C34B /* Sources */ = {
			isa = PBXSourcesBuildPhase;
			buildActionMask = 2147483647;
			files = (
				FEEE18631922B2650068C34B /* UIAlertView+CodigoDelSurAdditions.m in Sources */,
			);
			runOnlyForDeploymentPostprocessing = 0;
		};
		FEEE18441922AE750068C34B /* Sources */ = {
			isa = PBXSourcesBuildPhase;
			buildActionMask = 2147483647;
			files = (
				FEEE18581922AE750068C34B /* CodigoDelSurSDKTests.m in Sources */,
				FEEE18641922B2650068C34B /* UIAlertView+CodigoDelSurAdditions.m in Sources */,
				FE1A739C1922BBD1000A66A1 /* UIAlertViewTests.m in Sources */,
			);
			runOnlyForDeploymentPostprocessing = 0;
		};
/* End PBXSourcesBuildPhase section */

/* Begin PBXTargetDependency section */
		FEEE184F1922AE750068C34B /* PBXTargetDependency */ = {
			isa = PBXTargetDependency;
			target = FEEE18371922AE750068C34B /* CodigoDelSurSDK */;
			targetProxy = FEEE184E1922AE750068C34B /* PBXContainerItemProxy */;
		};
/* End PBXTargetDependency section */

/* Begin PBXVariantGroup section */
		FEEE18541922AE750068C34B /* InfoPlist.strings */ = {
			isa = PBXVariantGroup;
			children = (
				FEEE18551922AE750068C34B /* en */,
			);
			name = InfoPlist.strings;
			sourceTree = "<group>";
		};
/* End PBXVariantGroup section */

/* Begin XCBuildConfiguration section */
		FEEE18591922AE750068C34B /* Debug */ = {
			isa = XCBuildConfiguration;
			buildSettings = {
				ALWAYS_SEARCH_USER_PATHS = NO;
				CLANG_CXX_LANGUAGE_STANDARD = "gnu++0x";
				CLANG_CXX_LIBRARY = "libc++";
				CLANG_ENABLE_MODULES = NO;
				CLANG_ENABLE_OBJC_ARC = YES;
				CLANG_WARN_BOOL_CONVERSION = YES;
				CLANG_WARN_CONSTANT_CONVERSION = YES;
				CLANG_WARN_DIRECT_OBJC_ISA_USAGE = YES_ERROR;
				CLANG_WARN_EMPTY_BODY = YES;
				CLANG_WARN_ENUM_CONVERSION = YES;
				CLANG_WARN_INT_CONVERSION = YES;
				CLANG_WARN_OBJC_ROOT_CLASS = YES_ERROR;
				CLANG_WARN__DUPLICATE_METHOD_MATCH = YES;
				COPY_PHASE_STRIP = NO;
				ENABLE_NS_ASSERTIONS = YES;
				GCC_C_LANGUAGE_STANDARD = gnu99;
				GCC_DYNAMIC_NO_PIC = NO;
				GCC_OPTIMIZATION_LEVEL = 0;
				GCC_PREPROCESSOR_DEFINITIONS = (
					"DEBUG=1",
					"$(inherited)",
				);
				GCC_SYMBOLS_PRIVATE_EXTERN = NO;
				GCC_WARN_64_TO_32_BIT_CONVERSION = YES;
				GCC_WARN_ABOUT_RETURN_TYPE = YES_ERROR;
				GCC_WARN_UNDECLARED_SELECTOR = YES;
				GCC_WARN_UNINITIALIZED_AUTOS = YES_AGGRESSIVE;
				GCC_WARN_UNUSED_FUNCTION = YES;
				GCC_WARN_UNUSED_VARIABLE = YES;
				IPHONEOS_DEPLOYMENT_TARGET = 7.0;
				ONLY_ACTIVE_ARCH = YES;
				SDKROOT = iphoneos;
			};
			name = Debug;
		};
		FEEE185A1922AE750068C34B /* Release */ = {
			isa = XCBuildConfiguration;
			buildSettings = {
				ALWAYS_SEARCH_USER_PATHS = NO;
				CLANG_CXX_LANGUAGE_STANDARD = "gnu++0x";
				CLANG_CXX_LIBRARY = "libc++";
				CLANG_ENABLE_MODULES = NO;
				CLANG_ENABLE_OBJC_ARC = YES;
				CLANG_WARN_BOOL_CONVERSION = YES;
				CLANG_WARN_CONSTANT_CONVERSION = YES;
				CLANG_WARN_DIRECT_OBJC_ISA_USAGE = YES_ERROR;
				CLANG_WARN_EMPTY_BODY = YES;
				CLANG_WARN_ENUM_CONVERSION = YES;
				CLANG_WARN_INT_CONVERSION = YES;
				CLANG_WARN_OBJC_ROOT_CLASS = YES_ERROR;
				CLANG_WARN__DUPLICATE_METHOD_MATCH = YES;
				COPY_PHASE_STRIP = YES;
				ENABLE_NS_ASSERTIONS = YES;
				GCC_C_LANGUAGE_STANDARD = gnu99;
				GCC_WARN_64_TO_32_BIT_CONVERSION = YES;
				GCC_WARN_ABOUT_RETURN_TYPE = YES_ERROR;
				GCC_WARN_UNDECLARED_SELECTOR = YES;
				GCC_WARN_UNINITIALIZED_AUTOS = YES_AGGRESSIVE;
				GCC_WARN_UNUSED_FUNCTION = YES;
				GCC_WARN_UNUSED_VARIABLE = YES;
				IPHONEOS_DEPLOYMENT_TARGET = 7.0;
				SDKROOT = iphoneos;
				VALIDATE_PRODUCT = YES;
			};
			name = Release;
		};
		FEEE185C1922AE750068C34B /* Debug */ = {
			isa = XCBuildConfiguration;
			buildSettings = {
				DSTROOT = /tmp/CodigoDelSurSDK.dst;
				GCC_PRECOMPILE_PREFIX_HEADER = YES;
				GCC_PREFIX_HEADER = "CodigoDelSurSDK/CodigoDelSurSDK-Prefix.pch";
				IPHONEOS_DEPLOYMENT_TARGET = 7.0;
				OTHER_LDFLAGS = "-ObjC";
				PRODUCT_NAME = "$(TARGET_NAME)";
				SKIP_INSTALL = YES;
			};
			name = Debug;
		};
		FEEE185D1922AE750068C34B /* Release */ = {
			isa = XCBuildConfiguration;
			buildSettings = {
				DSTROOT = /tmp/CodigoDelSurSDK.dst;
				GCC_PRECOMPILE_PREFIX_HEADER = YES;
				GCC_PREFIX_HEADER = "CodigoDelSurSDK/CodigoDelSurSDK-Prefix.pch";
				IPHONEOS_DEPLOYMENT_TARGET = 7.0;
				OTHER_LDFLAGS = "-ObjC";
				PRODUCT_NAME = "$(TARGET_NAME)";
				SKIP_INSTALL = YES;
			};
			name = Release;
		};
		FEEE185F1922AE750068C34B /* Debug */ = {
			isa = XCBuildConfiguration;
			buildSettings = {
				FRAMEWORK_SEARCH_PATHS = (
					"$(SDKROOT)/Developer/Library/Frameworks",
					"$(inherited)",
					"$(DEVELOPER_FRAMEWORKS_DIR)",
				);
				GCC_PRECOMPILE_PREFIX_HEADER = YES;
				GCC_PREFIX_HEADER = "CodigoDelSurSDK/CodigoDelSurSDK-Prefix.pch";
				GCC_PREPROCESSOR_DEFINITIONS = (
					"DEBUG=1",
					"$(inherited)",
				);
				INFOPLIST_FILE = "CodigoDelSurSDKTests/CodigoDelSurSDKTests-Info.plist";
				PRODUCT_NAME = "$(TARGET_NAME)";
				WRAPPER_EXTENSION = xctest;
			};
			name = Debug;
		};
		FEEE18601922AE750068C34B /* Release */ = {
			isa = XCBuildConfiguration;
			buildSettings = {
				FRAMEWORK_SEARCH_PATHS = (
					"$(SDKROOT)/Developer/Library/Frameworks",
					"$(inherited)",
					"$(DEVELOPER_FRAMEWORKS_DIR)",
				);
				GCC_PRECOMPILE_PREFIX_HEADER = YES;
				GCC_PREFIX_HEADER = "CodigoDelSurSDK/CodigoDelSurSDK-Prefix.pch";
				INFOPLIST_FILE = "CodigoDelSurSDKTests/CodigoDelSurSDKTests-Info.plist";
				PRODUCT_NAME = "$(TARGET_NAME)";
				WRAPPER_EXTENSION = xctest;
			};
			name = Release;
		};
/* End XCBuildConfiguration section */

/* Begin XCConfigurationList section */
		FEEE18331922AE750068C34B /* Build configuration list for PBXProject "CodigoDelSurSDK" */ = {
			isa = XCConfigurationList;
			buildConfigurations = (
				FEEE18591922AE750068C34B /* Debug */,
				FEEE185A1922AE750068C34B /* Release */,
			);
			defaultConfigurationIsVisible = 0;
			defaultConfigurationName = Release;
		};
		FEEE185B1922AE750068C34B /* Build configuration list for PBXNativeTarget "CodigoDelSurSDK" */ = {
			isa = XCConfigurationList;
			buildConfigurations = (
				FEEE185C1922AE750068C34B /* Debug */,
				FEEE185D1922AE750068C34B /* Release */,
			);
			defaultConfigurationIsVisible = 0;
			defaultConfigurationName = Release;
		};
		FEEE185E1922AE750068C34B /* Build configuration list for PBXNativeTarget "CodigoDelSurSDKTests" */ = {
			isa = XCConfigurationList;
			buildConfigurations = (
				FEEE185F1922AE750068C34B /* Debug */,
				FEEE18601922AE750068C34B /* Release */,
			);
			defaultConfigurationIsVisible = 0;
			defaultConfigurationName = Release;
		};
/* End XCConfigurationList section */
	};
	rootObject = FEEE18301922AE750068C34B /* Project object */;
}
